// !$*UTF8*$!
{
	archiveVersion = 1;
	classes = {
	};
	objectVersion = 50;
	objects = {

/* Begin PBXBuildFile section */
		B63E81DE22DF6CC800C755E6 /* AppDelegate.swift in Sources */ = {isa = PBXBuildFile; fileRef = B63E81DD22DF6CC800C755E6 /* AppDelegate.swift */; };
		B63E81E022DF6CC800C755E6 /* ViewController.swift in Sources */ = {isa = PBXBuildFile; fileRef = B63E81DF22DF6CC800C755E6 /* ViewController.swift */; };
		B63E81E322DF6CC800C755E6 /* Main.storyboard in Resources */ = {isa = PBXBuildFile; fileRef = B63E81E122DF6CC800C755E6 /* Main.storyboard */; };
		B63E81E622DF6CC800C755E6 /* MoPlay.xcdatamodeld in Sources */ = {isa = PBXBuildFile; fileRef = B63E81E422DF6CC800C755E6 /* MoPlay.xcdatamodeld */; };
		B63E81E822DF6CC900C755E6 /* Assets.xcassets in Resources */ = {isa = PBXBuildFile; fileRef = B63E81E722DF6CC900C755E6 /* Assets.xcassets */; };
		B63E81EB22DF6CC900C755E6 /* LaunchScreen.storyboard in Resources */ = {isa = PBXBuildFile; fileRef = B63E81E922DF6CC900C755E6 /* LaunchScreen.storyboard */; };
		B657A53622DF841800E264A2 /* CollectionViewCell.swift in Sources */ = {isa = PBXBuildFile; fileRef = B657A53522DF841800E264A2 /* CollectionViewCell.swift */; };
		B657A53822DF8E3C00E264A2 /* GamePlayViewController.swift in Sources */ = {isa = PBXBuildFile; fileRef = B657A53722DF8E3C00E264A2 /* GamePlayViewController.swift */; };
		B657A53A22E074F500E264A2 /* SecondGamePlayViewController.swift in Sources */ = {isa = PBXBuildFile; fileRef = B657A53922E074F500E264A2 /* SecondGamePlayViewController.swift */; };
		B657A53D22E1A92B00E264A2 /* Instruction.xib in Resources */ = {isa = PBXBuildFile; fileRef = B657A53C22E1A92B00E264A2 /* Instruction.xib */; };
		B657A53F22E1A94E00E264A2 /* Instruction.swift in Sources */ = {isa = PBXBuildFile; fileRef = B657A53E22E1A94E00E264A2 /* Instruction.swift */; };
		B657A54222E1AA8900E264A2 /* InstructionViewController.swift in Sources */ = {isa = PBXBuildFile; fileRef = B657A54122E1AA8900E264A2 /* InstructionViewController.swift */; };
		B657A54422E2C15C00E264A2 /* completeParticle.sks in Resources */ = {isa = PBXBuildFile; fileRef = B657A54322E2C15C00E264A2 /* completeParticle.sks */; };
		B657A54622E2C2AB00E264A2 /* ActivityCompleteViewController.swift in Sources */ = {isa = PBXBuildFile; fileRef = B657A54522E2C2AB00E264A2 /* ActivityCompleteViewController.swift */; };
		B657A54C22E3CFE900E264A2 /* gamesound.mp3 in Resources */ = {isa = PBXBuildFile; fileRef = B657A54B22E3CFE900E264A2 /* gamesound.mp3 */; };
		B657A54E22E4F02300E264A2 /* SecondInstructionViewController.swift in Sources */ = {isa = PBXBuildFile; fileRef = B657A54D22E4F02300E264A2 /* SecondInstructionViewController.swift */; };
		B657A55022E4F2E000E264A2 /* SecondInstruction.xib in Resources */ = {isa = PBXBuildFile; fileRef = B657A54F22E4F2E000E264A2 /* SecondInstruction.xib */; };
		B657A55222E4F37400E264A2 /* SecondInstruction.swift in Sources */ = {isa = PBXBuildFile; fileRef = B657A55122E4F37400E264A2 /* SecondInstruction.swift */; };
		B657A55422E51C4E00E264A2 /* HistoryViewController.swift in Sources */ = {isa = PBXBuildFile; fileRef = B657A55322E51C4E00E264A2 /* HistoryViewController.swift */; };
		B657A55622E51F1900E264A2 /* HistoryCollectionViewCell.swift in Sources */ = {isa = PBXBuildFile; fileRef = B657A55522E51F1900E264A2 /* HistoryCollectionViewCell.swift */; };
		B65A13E322E56BD9003E6520 /* gamesound2.mp3 in Resources */ = {isa = PBXBuildFile; fileRef = B65A13E222E56BD9003E6520 /* gamesound2.mp3 */; };
/* End PBXBuildFile section */

/* Begin PBXFileReference section */
		B63E81DA22DF6CC800C755E6 /* MoPlay.app */ = {isa = PBXFileReference; explicitFileType = wrapper.application; includeInIndex = 0; path = MoPlay.app; sourceTree = BUILT_PRODUCTS_DIR; };
		B63E81DD22DF6CC800C755E6 /* AppDelegate.swift */ = {isa = PBXFileReference; lastKnownFileType = sourcecode.swift; path = AppDelegate.swift; sourceTree = "<group>"; };
		B63E81DF22DF6CC800C755E6 /* ViewController.swift */ = {isa = PBXFileReference; lastKnownFileType = sourcecode.swift; path = ViewController.swift; sourceTree = "<group>"; };
		B63E81E222DF6CC800C755E6 /* Base */ = {isa = PBXFileReference; lastKnownFileType = file.storyboard; name = Base; path = Base.lproj/Main.storyboard; sourceTree = "<group>"; };
		B63E81E522DF6CC800C755E6 /* MoPlay.xcdatamodel */ = {isa = PBXFileReference; lastKnownFileType = wrapper.xcdatamodel; path = MoPlay.xcdatamodel; sourceTree = "<group>"; };
		B63E81E722DF6CC900C755E6 /* Assets.xcassets */ = {isa = PBXFileReference; lastKnownFileType = folder.assetcatalog; path = Assets.xcassets; sourceTree = "<group>"; };
		B63E81EA22DF6CC900C755E6 /* Base */ = {isa = PBXFileReference; lastKnownFileType = file.storyboard; name = Base; path = Base.lproj/LaunchScreen.storyboard; sourceTree = "<group>"; };
		B63E81EC22DF6CC900C755E6 /* Info.plist */ = {isa = PBXFileReference; lastKnownFileType = text.plist.xml; path = Info.plist; sourceTree = "<group>"; };
		B657A53522DF841800E264A2 /* CollectionViewCell.swift */ = {isa = PBXFileReference; lastKnownFileType = sourcecode.swift; path = CollectionViewCell.swift; sourceTree = "<group>"; };
		B657A53722DF8E3C00E264A2 /* GamePlayViewController.swift */ = {isa = PBXFileReference; lastKnownFileType = sourcecode.swift; path = GamePlayViewController.swift; sourceTree = "<group>"; };
		B657A53922E074F500E264A2 /* SecondGamePlayViewController.swift */ = {isa = PBXFileReference; lastKnownFileType = sourcecode.swift; path = SecondGamePlayViewController.swift; sourceTree = "<group>"; };
		B657A53C22E1A92B00E264A2 /* Instruction.xib */ = {isa = PBXFileReference; lastKnownFileType = file.xib; path = Instruction.xib; sourceTree = "<group>"; };
		B657A53E22E1A94E00E264A2 /* Instruction.swift */ = {isa = PBXFileReference; lastKnownFileType = sourcecode.swift; path = Instruction.swift; sourceTree = "<group>"; };
		B657A54122E1AA8900E264A2 /* InstructionViewController.swift */ = {isa = PBXFileReference; lastKnownFileType = sourcecode.swift; path = InstructionViewController.swift; sourceTree = "<group>"; };
		B657A54322E2C15C00E264A2 /* completeParticle.sks */ = {isa = PBXFileReference; lastKnownFileType = file.sks; path = completeParticle.sks; sourceTree = "<group>"; };
		B657A54522E2C2AB00E264A2 /* ActivityCompleteViewController.swift */ = {isa = PBXFileReference; lastKnownFileType = sourcecode.swift; path = ActivityCompleteViewController.swift; sourceTree = "<group>"; };
		B657A54B22E3CFE900E264A2 /* gamesound.mp3 */ = {isa = PBXFileReference; lastKnownFileType = audio.mp3; name = gamesound.mp3; path = ../../../../../Downloads/gamesound.mp3; sourceTree = "<group>"; };
		B657A54D22E4F02300E264A2 /* SecondInstructionViewController.swift */ = {isa = PBXFileReference; lastKnownFileType = sourcecode.swift; path = SecondInstructionViewController.swift; sourceTree = "<group>"; };
		B657A54F22E4F2E000E264A2 /* SecondInstruction.xib */ = {isa = PBXFileReference; lastKnownFileType = file.xib; path = SecondInstruction.xib; sourceTree = "<group>"; };
		B657A55122E4F37400E264A2 /* SecondInstruction.swift */ = {isa = PBXFileReference; lastKnownFileType = sourcecode.swift; path = SecondInstruction.swift; sourceTree = "<group>"; };
		B657A55322E51C4E00E264A2 /* HistoryViewController.swift */ = {isa = PBXFileReference; lastKnownFileType = sourcecode.swift; path = HistoryViewController.swift; sourceTree = "<group>"; };
		B657A55522E51F1900E264A2 /* HistoryCollectionViewCell.swift */ = {isa = PBXFileReference; lastKnownFileType = sourcecode.swift; path = HistoryCollectionViewCell.swift; sourceTree = "<group>"; };
		B65A13E222E56BD9003E6520 /* gamesound2.mp3 */ = {isa = PBXFileReference; lastKnownFileType = audio.mp3; name = gamesound2.mp3; path = ../../../../../Downloads/gamesound2.mp3; sourceTree = "<group>"; };
/* End PBXFileReference section */

/* Begin PBXFrameworksBuildPhase section */
		B63E81D722DF6CC800C755E6 /* Frameworks */ = {
			isa = PBXFrameworksBuildPhase;
			buildActionMask = 2147483647;
			files = (
			);
			runOnlyForDeploymentPostprocessing = 0;
		};
/* End PBXFrameworksBuildPhase section */

/* Begin PBXGroup section */
		B63E81D122DF6CC800C755E6 = {
			isa = PBXGroup;
			children = (
				B63E81DC22DF6CC800C755E6 /* MoPlay */,
				B63E81DB22DF6CC800C755E6 /* Products */,
			);
			sourceTree = "<group>";
		};
		B63E81DB22DF6CC800C755E6 /* Products */ = {
			isa = PBXGroup;
			children = (
				B63E81DA22DF6CC800C755E6 /* MoPlay.app */,
			);
			name = Products;
			sourceTree = "<group>";
		};
		B63E81DC22DF6CC800C755E6 /* MoPlay */ = {
			isa = PBXGroup;
			children = (
				B657A54822E3CB2000E264A2 /* Audio */,
				B63E81F622DF7A0300C755E6 /* Controller */,
				B63E81F522DF79FE00C755E6 /* Model */,
				B63E81F422DF79E400C755E6 /* View */,
				B63E81DD22DF6CC800C755E6 /* AppDelegate.swift */,
				B63E81E722DF6CC900C755E6 /* Assets.xcassets */,
				B63E81E922DF6CC900C755E6 /* LaunchScreen.storyboard */,
				B63E81EC22DF6CC900C755E6 /* Info.plist */,
				B63E81E422DF6CC800C755E6 /* MoPlay.xcdatamodeld */,
			);
			path = MoPlay;
			sourceTree = "<group>";
		};
		B63E81F422DF79E400C755E6 /* View */ = {
			isa = PBXGroup;
			children = (
				B65A13ED22E5A213003E6520 /* Particle Emitter */,
				B65A13E722E5A1BD003E6520 /* Storyboard */,
				B65A13E622E5A1B3003E6520 /* Xib */,
				B657A53B22E1A90000E264A2 /* Collection View */,
				B657A54022E1A95C00E264A2 /* Instruction */,
			);
			path = View;
			sourceTree = "<group>";
		};
		B63E81F522DF79FE00C755E6 /* Model */ = {
			isa = PBXGroup;
			children = (
			);
			path = Model;
			sourceTree = "<group>";
		};
		B63E81F622DF7A0300C755E6 /* Controller */ = {
			isa = PBXGroup;
			children = (
				B65A13EC22E5A201003E6520 /* History */,
				B65A13EB22E5A1F9003E6520 /* Complete */,
				B65A13EA22E5A1F0003E6520 /* Main Screen */,
				B65A13E922E5A1E4003E6520 /* Instruction */,
				B65A13E822E5A1D0003E6520 /* Gameplay */,
			);
			path = Controller;
			sourceTree = "<group>";
		};
		B657A53B22E1A90000E264A2 /* Collection View */ = {
			isa = PBXGroup;
			children = (
				B657A53522DF841800E264A2 /* CollectionViewCell.swift */,
				B657A55522E51F1900E264A2 /* HistoryCollectionViewCell.swift */,
			);
			path = "Collection View";
			sourceTree = "<group>";
		};
		B657A54022E1A95C00E264A2 /* Instruction */ = {
			isa = PBXGroup;
			children = (
				B657A53E22E1A94E00E264A2 /* Instruction.swift */,
				B657A55122E4F37400E264A2 /* SecondInstruction.swift */,
			);
			path = Instruction;
			sourceTree = "<group>";
		};
		B657A54822E3CB2000E264A2 /* Audio */ = {
			isa = PBXGroup;
			children = (
				B65A13E222E56BD9003E6520 /* gamesound2.mp3 */,
				B657A54B22E3CFE900E264A2 /* gamesound.mp3 */,
			);
			path = Audio;
			sourceTree = "<group>";
		};
		B65A13E622E5A1B3003E6520 /* Xib */ = {
			isa = PBXGroup;
			children = (
				B657A53C22E1A92B00E264A2 /* Instruction.xib */,
				B657A54F22E4F2E000E264A2 /* SecondInstruction.xib */,
			);
			path = Xib;
			sourceTree = "<group>";
		};
		B65A13E722E5A1BD003E6520 /* Storyboard */ = {
			isa = PBXGroup;
			children = (
				B63E81E122DF6CC800C755E6 /* Main.storyboard */,
			);
			path = Storyboard;
			sourceTree = "<group>";
		};
		B65A13E822E5A1D0003E6520 /* Gameplay */ = {
			isa = PBXGroup;
			children = (
				B657A53722DF8E3C00E264A2 /* GamePlayViewController.swift */,
				B657A53922E074F500E264A2 /* SecondGamePlayViewController.swift */,
			);
			path = Gameplay;
			sourceTree = "<group>";
		};
		B65A13E922E5A1E4003E6520 /* Instruction */ = {
			isa = PBXGroup;
			children = (
				B657A54122E1AA8900E264A2 /* InstructionViewController.swift */,
				B657A54D22E4F02300E264A2 /* SecondInstructionViewController.swift */,
			);
			path = Instruction;
			sourceTree = "<group>";
		};
		B65A13EA22E5A1F0003E6520 /* Main Screen */ = {
			isa = PBXGroup;
			children = (
				B63E81DF22DF6CC800C755E6 /* ViewController.swift */,
			);
			path = "Main Screen";
			sourceTree = "<group>";
		};
		B65A13EB22E5A1F9003E6520 /* Complete */ = {
			isa = PBXGroup;
			children = (
				B657A54522E2C2AB00E264A2 /* ActivityCompleteViewController.swift */,
			);
			path = Complete;
			sourceTree = "<group>";
		};
		B65A13EC22E5A201003E6520 /* History */ = {
			isa = PBXGroup;
			children = (
				B657A55322E51C4E00E264A2 /* HistoryViewController.swift */,
			);
			path = History;
			sourceTree = "<group>";
		};
		B65A13ED22E5A213003E6520 /* Particle Emitter */ = {
			isa = PBXGroup;
			children = (
				B657A54322E2C15C00E264A2 /* completeParticle.sks */,
			);
			path = "Particle Emitter";
			sourceTree = "<group>";
		};
/* End PBXGroup section */

/* Begin PBXNativeTarget section */
		B63E81D922DF6CC800C755E6 /* MoPlay */ = {
			isa = PBXNativeTarget;
			buildConfigurationList = B63E81EF22DF6CC900C755E6 /* Build configuration list for PBXNativeTarget "MoPlay" */;
			buildPhases = (
				B63E81D622DF6CC800C755E6 /* Sources */,
				B63E81D722DF6CC800C755E6 /* Frameworks */,
				B63E81D822DF6CC800C755E6 /* Resources */,
			);
			buildRules = (
			);
			dependencies = (
			);
			name = MoPlay;
			productName = MoPlay;
			productReference = B63E81DA22DF6CC800C755E6 /* MoPlay.app */;
			productType = "com.apple.product-type.application";
		};
/* End PBXNativeTarget section */

/* Begin PBXProject section */
		B63E81D222DF6CC800C755E6 /* Project object */ = {
			isa = PBXProject;
			attributes = {
				LastSwiftUpdateCheck = 1020;
				LastUpgradeCheck = 1020;
				ORGANIZATIONNAME = "Edward Chandra";
				TargetAttributes = {
					B63E81D922DF6CC800C755E6 = {
						CreatedOnToolsVersion = 10.2.1;
					};
				};
			};
			buildConfigurationList = B63E81D522DF6CC800C755E6 /* Build configuration list for PBXProject "MoPlay" */;
			compatibilityVersion = "Xcode 9.3";
			developmentRegion = en;
			hasScannedForEncodings = 0;
			knownRegions = (
				en,
				Base,
			);
			mainGroup = B63E81D122DF6CC800C755E6;
			productRefGroup = B63E81DB22DF6CC800C755E6 /* Products */;
			projectDirPath = "";
			projectRoot = "";
			targets = (
				B63E81D922DF6CC800C755E6 /* MoPlay */,
			);
		};
/* End PBXProject section */

/* Begin PBXResourcesBuildPhase section */
		B63E81D822DF6CC800C755E6 /* Resources */ = {
			isa = PBXResourcesBuildPhase;
			buildActionMask = 2147483647;
			files = (
				B657A54422E2C15C00E264A2 /* completeParticle.sks in Resources */,
				B65A13E322E56BD9003E6520 /* gamesound2.mp3 in Resources */,
				B63E81EB22DF6CC900C755E6 /* LaunchScreen.storyboard in Resources */,
				B657A54C22E3CFE900E264A2 /* gamesound.mp3 in Resources */,
				B63E81E822DF6CC900C755E6 /* Assets.xcassets in Resources */,
				B657A53D22E1A92B00E264A2 /* Instruction.xib in Resources */,
				B657A55022E4F2E000E264A2 /* SecondInstruction.xib in Resources */,
				B63E81E322DF6CC800C755E6 /* Main.storyboard in Resources */,
			);
			runOnlyForDeploymentPostprocessing = 0;
		};
/* End PBXResourcesBuildPhase section */

/* Begin PBXSourcesBuildPhase section */
		B63E81D622DF6CC800C755E6 /* Sources */ = {
			isa = PBXSourcesBuildPhase;
			buildActionMask = 2147483647;
			files = (
				B63E81E622DF6CC800C755E6 /* MoPlay.xcdatamodeld in Sources */,
				B657A53822DF8E3C00E264A2 /* GamePlayViewController.swift in Sources */,
				B657A53A22E074F500E264A2 /* SecondGamePlayViewController.swift in Sources */,
				B657A55622E51F1900E264A2 /* HistoryCollectionViewCell.swift in Sources */,
				B657A55422E51C4E00E264A2 /* HistoryViewController.swift in Sources */,
				B657A55222E4F37400E264A2 /* SecondInstruction.swift in Sources */,
				B657A54222E1AA8900E264A2 /* InstructionViewController.swift in Sources */,
				B657A54622E2C2AB00E264A2 /* ActivityCompleteViewController.swift in Sources */,
				B657A54E22E4F02300E264A2 /* SecondInstructionViewController.swift in Sources */,
				B657A53F22E1A94E00E264A2 /* Instruction.swift in Sources */,
				B63E81E022DF6CC800C755E6 /* ViewController.swift in Sources */,
				B657A53622DF841800E264A2 /* CollectionViewCell.swift in Sources */,
				B63E81DE22DF6CC800C755E6 /* AppDelegate.swift in Sources */,
			);
			runOnlyForDeploymentPostprocessing = 0;
		};
/* End PBXSourcesBuildPhase section */

/* Begin PBXVariantGroup section */
		B63E81E122DF6CC800C755E6 /* Main.storyboard */ = {
			isa = PBXVariantGroup;
			children = (
				B63E81E222DF6CC800C755E6 /* Base */,
			);
			name = Main.storyboard;
			sourceTree = "<group>";
		};
		B63E81E922DF6CC900C755E6 /* LaunchScreen.storyboard */ = {
			isa = PBXVariantGroup;
			children = (
				B63E81EA22DF6CC900C755E6 /* Base */,
			);
			name = LaunchScreen.storyboard;
			sourceTree = "<group>";
		};
/* End PBXVariantGroup section */

/* Begin XCBuildConfiguration section */
		B63E81ED22DF6CC900C755E6 /* Debug */ = {
			isa = XCBuildConfiguration;
			buildSettings = {
				ALWAYS_SEARCH_USER_PATHS = NO;
				CLANG_ANALYZER_NONNULL = YES;
				CLANG_ANALYZER_NUMBER_OBJECT_CONVERSION = YES_AGGRESSIVE;
				CLANG_CXX_LANGUAGE_STANDARD = "gnu++14";
				CLANG_CXX_LIBRARY = "libc++";
				CLANG_ENABLE_MODULES = YES;
				CLANG_ENABLE_OBJC_ARC = YES;
				CLANG_ENABLE_OBJC_WEAK = YES;
				CLANG_WARN_BLOCK_CAPTURE_AUTORELEASING = YES;
				CLANG_WARN_BOOL_CONVERSION = YES;
				CLANG_WARN_COMMA = YES;
				CLANG_WARN_CONSTANT_CONVERSION = YES;
				CLANG_WARN_DEPRECATED_OBJC_IMPLEMENTATIONS = YES;
				CLANG_WARN_DIRECT_OBJC_ISA_USAGE = YES_ERROR;
				CLANG_WARN_DOCUMENTATION_COMMENTS = YES;
				CLANG_WARN_EMPTY_BODY = YES;
				CLANG_WARN_ENUM_CONVERSION = YES;
				CLANG_WARN_INFINITE_RECURSION = YES;
				CLANG_WARN_INT_CONVERSION = YES;
				CLANG_WARN_NON_LITERAL_NULL_CONVERSION = YES;
				CLANG_WARN_OBJC_IMPLICIT_RETAIN_SELF = YES;
				CLANG_WARN_OBJC_LITERAL_CONVERSION = YES;
				CLANG_WARN_OBJC_ROOT_CLASS = YES_ERROR;
				CLANG_WARN_RANGE_LOOP_ANALYSIS = YES;
				CLANG_WARN_STRICT_PROTOTYPES = YES;
				CLANG_WARN_SUSPICIOUS_MOVE = YES;
				CLANG_WARN_UNGUARDED_AVAILABILITY = YES_AGGRESSIVE;
				CLANG_WARN_UNREACHABLE_CODE = YES;
				CLANG_WARN__DUPLICATE_METHOD_MATCH = YES;
				CODE_SIGN_IDENTITY = "iPhone Developer";
				COPY_PHASE_STRIP = NO;
				DEBUG_INFORMATION_FORMAT = dwarf;
				ENABLE_STRICT_OBJC_MSGSEND = YES;
				ENABLE_TESTABILITY = YES;
				GCC_C_LANGUAGE_STANDARD = gnu11;
				GCC_DYNAMIC_NO_PIC = NO;
				GCC_NO_COMMON_BLOCKS = YES;
				GCC_OPTIMIZATION_LEVEL = 0;
				GCC_PREPROCESSOR_DEFINITIONS = (
					"DEBUG=1",
					"$(inherited)",
				);
				GCC_WARN_64_TO_32_BIT_CONVERSION = YES;
				GCC_WARN_ABOUT_RETURN_TYPE = YES_ERROR;
				GCC_WARN_UNDECLARED_SELECTOR = YES;
				GCC_WARN_UNINITIALIZED_AUTOS = YES_AGGRESSIVE;
				GCC_WARN_UNUSED_FUNCTION = YES;
				GCC_WARN_UNUSED_VARIABLE = YES;
				IPHONEOS_DEPLOYMENT_TARGET = 12.2;
				MTL_ENABLE_DEBUG_INFO = INCLUDE_SOURCE;
				MTL_FAST_MATH = YES;
				ONLY_ACTIVE_ARCH = YES;
				SDKROOT = iphoneos;
				SWIFT_ACTIVE_COMPILATION_CONDITIONS = DEBUG;
				SWIFT_OPTIMIZATION_LEVEL = "-Onone";
			};
			name = Debug;
		};
		B63E81EE22DF6CC900C755E6 /* Release */ = {
			isa = XCBuildConfiguration;
			buildSettings = {
				ALWAYS_SEARCH_USER_PATHS = NO;
				CLANG_ANALYZER_NONNULL = YES;
				CLANG_ANALYZER_NUMBER_OBJECT_CONVERSION = YES_AGGRESSIVE;
				CLANG_CXX_LANGUAGE_STANDARD = "gnu++14";
				CLANG_CXX_LIBRARY = "libc++";
				CLANG_ENABLE_MODULES = YES;
				CLANG_ENABLE_OBJC_ARC = YES;
				CLANG_ENABLE_OBJC_WEAK = YES;
				CLANG_WARN_BLOCK_CAPTURE_AUTORELEASING = YES;
				CLANG_WARN_BOOL_CONVERSION = YES;
				CLANG_WARN_COMMA = YES;
				CLANG_WARN_CONSTANT_CONVERSION = YES;
				CLANG_WARN_DEPRECATED_OBJC_IMPLEMENTATIONS = YES;
				CLANG_WARN_DIRECT_OBJC_ISA_USAGE = YES_ERROR;
				CLANG_WARN_DOCUMENTATION_COMMENTS = YES;
				CLANG_WARN_EMPTY_BODY = YES;
				CLANG_WARN_ENUM_CONVERSION = YES;
				CLANG_WARN_INFINITE_RECURSION = YES;
				CLANG_WARN_INT_CONVERSION = YES;
				CLANG_WARN_NON_LITERAL_NULL_CONVERSION = YES;
				CLANG_WARN_OBJC_IMPLICIT_RETAIN_SELF = YES;
				CLANG_WARN_OBJC_LITERAL_CONVERSION = YES;
				CLANG_WARN_OBJC_ROOT_CLASS = YES_ERROR;
				CLANG_WARN_RANGE_LOOP_ANALYSIS = YES;
				CLANG_WARN_STRICT_PROTOTYPES = YES;
				CLANG_WARN_SUSPICIOUS_MOVE = YES;
				CLANG_WARN_UNGUARDED_AVAILABILITY = YES_AGGRESSIVE;
				CLANG_WARN_UNREACHABLE_CODE = YES;
				CLANG_WARN__DUPLICATE_METHOD_MATCH = YES;
				CODE_SIGN_IDENTITY = "iPhone Developer";
				COPY_PHASE_STRIP = NO;
				DEBUG_INFORMATION_FORMAT = "dwarf-with-dsym";
				ENABLE_NS_ASSERTIONS = NO;
				ENABLE_STRICT_OBJC_MSGSEND = YES;
				GCC_C_LANGUAGE_STANDARD = gnu11;
				GCC_NO_COMMON_BLOCKS = YES;
				GCC_WARN_64_TO_32_BIT_CONVERSION = YES;
				GCC_WARN_ABOUT_RETURN_TYPE = YES_ERROR;
				GCC_WARN_UNDECLARED_SELECTOR = YES;
				GCC_WARN_UNINITIALIZED_AUTOS = YES_AGGRESSIVE;
				GCC_WARN_UNUSED_FUNCTION = YES;
				GCC_WARN_UNUSED_VARIABLE = YES;
				IPHONEOS_DEPLOYMENT_TARGET = 12.2;
				MTL_ENABLE_DEBUG_INFO = NO;
				MTL_FAST_MATH = YES;
				SDKROOT = iphoneos;
				SWIFT_COMPILATION_MODE = wholemodule;
				SWIFT_OPTIMIZATION_LEVEL = "-O";
				VALIDATE_PRODUCT = YES;
			};
			name = Release;
		};
		B63E81F022DF6CC900C755E6 /* Debug */ = {
			isa = XCBuildConfiguration;
			buildSettings = {
				ASSETCATALOG_COMPILER_APPICON_NAME = AppIcon;
				CODE_SIGN_STYLE = Automatic;
				DEVELOPMENT_TEAM = XQ2MRKW5T3;
				INFOPLIST_FILE = MoPlay/Info.plist;
				LD_RUNPATH_SEARCH_PATHS = (
					"$(inherited)",
					"@executable_path/Frameworks",
				);
				PRODUCT_BUNDLE_IDENTIFIER = com.theproject.MoPlay;
				PRODUCT_NAME = "$(TARGET_NAME)";
				SWIFT_VERSION = 5.0;
				TARGETED_DEVICE_FAMILY = "1,2";
			};
			name = Debug;
		};
		B63E81F122DF6CC900C755E6 /* Release */ = {
			isa = XCBuildConfiguration;
			buildSettings = {
				ASSETCATALOG_COMPILER_APPICON_NAME = AppIcon;
				CODE_SIGN_STYLE = Automatic;
				DEVELOPMENT_TEAM = XQ2MRKW5T3;
				INFOPLIST_FILE = MoPlay/Info.plist;
				LD_RUNPATH_SEARCH_PATHS = (
					"$(inherited)",
					"@executable_path/Frameworks",
				);
				PRODUCT_BUNDLE_IDENTIFIER = com.theproject.MoPlay;
				PRODUCT_NAME = "$(TARGET_NAME)";
				SWIFT_VERSION = 5.0;
				TARGETED_DEVICE_FAMILY = "1,2";
			};
			name = Release;
		};
/* End XCBuildConfiguration section */

/* Begin XCConfigurationList section */
		B63E81D522DF6CC800C755E6 /* Build configuration list for PBXProject "MoPlay" */ = {
			isa = XCConfigurationList;
			buildConfigurations = (
				B63E81ED22DF6CC900C755E6 /* Debug */,
				B63E81EE22DF6CC900C755E6 /* Release */,
			);
			defaultConfigurationIsVisible = 0;
			defaultConfigurationName = Release;
		};
		B63E81EF22DF6CC900C755E6 /* Build configuration list for PBXNativeTarget "MoPlay" */ = {
			isa = XCConfigurationList;
			buildConfigurations = (
				B63E81F022DF6CC900C755E6 /* Debug */,
				B63E81F122DF6CC900C755E6 /* Release */,
			);
			defaultConfigurationIsVisible = 0;
			defaultConfigurationName = Release;
		};
/* End XCConfigurationList section */

/* Begin XCVersionGroup section */
		B63E81E422DF6CC800C755E6 /* MoPlay.xcdatamodeld */ = {
			isa = XCVersionGroup;
			children = (
				B63E81E522DF6CC800C755E6 /* MoPlay.xcdatamodel */,
			);
			currentVersion = B63E81E522DF6CC800C755E6 /* MoPlay.xcdatamodel */;
			path = MoPlay.xcdatamodeld;
			sourceTree = "<group>";
			versionGroupType = wrapper.xcdatamodel;
		};
/* End XCVersionGroup section */
	};
	rootObject = B63E81D222DF6CC800C755E6 /* Project object */;
}
